Microsoft Visual Studio Solution File, Format Version 12.00
# Visual Studio Version 17
VisualStudioVersion = 17.5.2.0
MinimumVisualStudioVersion = 10.0.40219.1
Project("{FAE04EC0-301F-11D3-BF4B-00C04F79EFBC}") = "agents_function_app01", "agents_function_app01.csproj", "{FEDE39E0-023E-5CA1-B6E0-BCE47AFE8939}"
EndProject
Global
	GlobalSection(SolutionConfigurationPlatforms) = preSolution
		Debug|Any CPU = Debug|Any CPU
		Release|Any CPU = Release|Any CPU
	EndGlobalSection
	GlobalSection(ProjectConfigurationPlatforms) = postSolution
		{FEDE39E0-023E-5CA1-B6E0-BCE47AFE8939}.Debug|Any CPU.ActiveCfg = Debug|Any CPU
		{FEDE39E0-023E-5CA1-B6E0-BCE47AFE8939}.Debug|Any CPU.Build.0 = Debug|Any CPU
		{FEDE39E0-023E-5CA1-B6E0-BCE47AFE8939}.Release|Any CPU.ActiveCfg = Release|Any CPU
		{FEDE39E0-023E-5CA1-B6E0-BCE47AFE8939}.Release|Any CPU.Build.0 = Release|Any CPU
	EndGlobalSection
	GlobalSection(SolutionProperties) = preSolution
		HideSolutionNode = FALSE
	EndGlobalSection
	GlobalSection(ExtensibilityGlobals) = postSolution
		SolutionGuid = {143EF829-E647-48F8-95DC-662CBCA8DCC1}
	EndGlobalSection
EndGlobal
